
Microsoft Visual Studio Solution File, Format Version 12.00
# Visual Studio Version 17
VisualStudioVersion = 17.10.35004.147
MinimumVisualStudioVersion = 10.0.40219.1
Project("{FAE04EC0-301F-11D3-BF4B-00C04F79EFBC}") = "Blog", "Blog\Blog.csproj", "{F1C26633-BA41-4BA4-A524-B2DA3312689E}"
EndProject
Global
	GlobalSection(SolutionConfigurationPlatforms) = preSolution
		Debug|Any CPU = Debug|Any CPU
		Release|Any CPU = Release|Any CPU
	EndGlobalSection
	GlobalSection(ProjectConfigurationPlatforms) = postSolution
		{F1C26633-BA41-4BA4-A524-B2DA3312689E}.Debug|Any CPU.ActiveCfg = Debug|Any CPU
		{F1C26633-BA41-4BA4-A524-B2DA3312689E}.Debug|Any CPU.Build.0 = Debug|Any CPU
		{F1C26633-BA41-4BA4-A524-B2DA3312689E}.Release|Any CPU.ActiveCfg = Release|Any CPU
		{F1C26633-BA41-4BA4-A524-B2DA3312689E}.Release|Any CPU.Build.0 = Release|Any CPU
	EndGlobalSection
	GlobalSection(SolutionProperties) = preSolution
		HideSolutionNode = FALSE
	EndGlobalSection
	GlobalSection(ExtensibilityGlobals) = postSolution
		SolutionGuid = {41F34BF9-0CC0-49AC-B2C7-4AE5837C6A27}
	EndGlobalSection
EndGlobal
